hash: 9eade7a048beee2fa6f5f96d0d1f5175eea580117d0e062b6e44bc4337fe2e96
updated: 2018-01-05T20:19:33.442584+08:00
imports:
- name: github.com/AndreasBriese/bbloom
  version: 28f7e881ca57bc00e028f9ede9f0d9104cfeef5e
- name: github.com/boltdb/bolt
  version: 2f1ce7a837dcb8da3ec595b1dac9d0632f0f99e8
- name: github.com/dgraph-io/badger
  version: 69611218c7078be6de16f4ea13fb256e701b6b73
  subpackages:
  - options
  - protos
  - skl
  - table
  - "y"
- name: github.com/dgryski/go-farm
  version: ac7624ea8da311f2fbbd94401d8c1cf66089f9fb
- name: github.com/garyburd/redigo
  version: d1ed5c67e5794de818ea85e6b522fda02623a484
  subpackages:
  - internal
  - redis
- name: github.com/gavv/httpexpect
  version: c44a6d7bb636b17e880a53998a7f7061a56ffacb
- name: github.com/gin-contrib/sse
  version: 22d885f9ecc78bf4ee5d72b937e4bbcdc58e8cae
- name: github.com/gin-gonic/gin
  version: d459835d2b077e44f7c9b453505ee29881d5d12d
  subpackages:
  - binding
  - render
- name: github.com/go-playground/locales
  version: e4cbcb5d0652150d40ad0646651076b6bd2be4f6
  subpackages:
  - currency
- name: github.com/go-playground/universal-translator
  version: 71201497bace774495daed26a3874fd339e0b538
- name: github.com/golang/protobuf
  version: 1e59b77b52bf8e4b449a57e6f79f21226d571845
  subpackages:
  - proto
- name: github.com/golang/snappy
  version: 553a641470496b2327abcac10b36396bd98e45c9
- name: github.com/mattn/go-isatty
  version: 0360b2af4f38e8d38c7fce2a9f4e702702d73a39
- name: github.com/pkg/errors
  version: 645ef00459ed84a119197bfb8d8205042c6df63d
- name: github.com/syndtr/goleveldb
  version: 34011bf325bce385408353a30b101fe5e923eb6e
  subpackages:
  - leveldb
  - leveldb/cache
  - leveldb/comparer
  - leveldb/errors
  - leveldb/filter
  - leveldb/iterator
  - leveldb/journal
  - leveldb/memdb
  - leveldb/opt
  - leveldb/storage
  - leveldb/table
  - leveldb/util
- name: github.com/ugorji/go
  version: ccfe18359b55b97855cee1d3f74e5efbda4869dc
  subpackages:
  - codec
- name: golang.org/x/crypto
  version: 0fcca4842a8d74bfddc2c96a073bd2a4d2a7a2e8
- name: golang.org/x/net
  version: d866cfc389cec985d6fda2859936a575a55a3ab6
- name: golang.org/x/sys
  version: a646d33e2ee3172a661fc09bca23bb4889a41bc8
  subpackages:
  - unix
- name: gopkg.in/go-playground/validator.v8
  version: b1f51f36f1c98cc97f777d6fc9d4b05eaa0cabb5
- name: gopkg.in/yaml.v2
  version: 287cf08546ab5e7e37d55a84f7ed3fd1db036de5
testImports:
- name: github.com/ajg/form
  version: 523a5da1a92f01b01f840b61689c0340a0243532
- name: github.com/davecgh/go-spew
  version: ecdeabc65495df2dec95d7c4a4c3e021903035e5
  subpackages:
  - spew
- name: github.com/fatih/structs
  version: a720dfa8df582c51dee1b36feabb906bde1588bd
- name: github.com/gavv/monotime
  version: 6f8212e8d10df7383609d3c377ca08884d8f3ec0
- name: github.com/google/go-querystring
  version: 53e6ce116135b80d037921a7fdd5138cf32d7a8a
  subpackages:
  - query
- name: github.com/imkira/go-interpol
  version: 5accad8134979a6ac504d456a6c7f1c53da237ca
- name: github.com/klauspost/compress
  version: ea08389e0dc46025380296f7dd04ab0e8de36adb
  subpackages:
  - flate
  - gzip
  - zlib
- name: github.com/klauspost/cpuid
  version: eae9b3e628d72774e13bdf024e78c0802f85a5b9
- name: github.com/moul/http2curl
  version: 9ac6cf4d929b2fa8fd2d2e6dec5bb0feb4f4911d
- name: github.com/pmezard/go-difflib
  version: 792786c7400a136282c1664665ae0a8db921c6c2
  subpackages:
  - difflib
- name: github.com/sergi/go-diff
  version: 24e2351369ec4949b2ed0dc5c477afdd4c4034e8
  repo: https://github.com/sergi/go-diff
  subpackages:
  - diffmatchpatch
- name: github.com/stretchr/testify
  version: b91bfb9ebec76498946beb6af7c0230c7cc7ba6c
  subpackages:
  - assert
  - require
- name: github.com/valyala/bytebufferpool
  version: e746df99fe4a3986f4d4f79e13c1e0117ce9c2f7
- name: github.com/valyala/fasthttp
  version: e5f51c11919d4f66400334047b897ef0a94c6f3c
  subpackages:
  - fasthttputil
  - stackless
- name: github.com/xeipuuv/gojsonpointer
  version: 6fe8760cad3569743d51ddbb243b26f8456742dc
- name: github.com/xeipuuv/gojsonreference
  version: e02fc20de94c78484cd5ffb007f8af96be030a45
- name: github.com/xeipuuv/gojsonschema
  version: 511d08a359d14c0dd9c4302af52ee9abb6f93c2a
- name: github.com/yalp/jsonpath
  version: 31a79c7593bb93eb10b163650d4a3e6ca190e4dc
- name: github.com/yudai/gojsondiff
  version: e21612694bdd50975f93cd5eaccb457477128e28
  subpackages:
  - formatter
- name: github.com/yudai/golcs
  version: d1c525dea8ce39ea9a783d33cf08932305373f2c
  repo: https://github.com/yudai/golcs
